
Microsoft Visual Studio Solution File, Format Version 12.00
# Visual Studio Version 17
VisualStudioVersion = 17.9.34728.123
MinimumVisualStudioVersion = 10.0.40219.1
Project("{FAE04EC0-301F-11D3-BF4B-00C04F79EFBC}") = "WordFinderApp", "WordFinderApp\WordFinderApp.csproj", "{4D30D245-0966-452F-89C0-8B794033170B}"
EndProject
Project("{FAE04EC0-301F-11D3-BF4B-00C04F79EFBC}") = "WordFinderApplication.Tests", "WordFinderApplication.Tests\WordFinderApplication.Tests.csproj", "{8EFD5C76-D697-4BE0-9148-1F8F972EF8B4}"
EndProject
Project("{FAE04EC0-301F-11D3-BF4B-00C04F79EFBC}") = "WordFinderApplication.ConsoleAppDemo", "WordFinderApplication.ConsoleAppDemo\WordFinderApplication.ConsoleAppDemo.csproj", "{F7962FD6-AA3C-4406-AA67-FE0828C77A33}"
EndProject
Global
	GlobalSection(SolutionConfigurationPlatforms) = preSolution
		Debug|Any CPU = Debug|Any CPU
		Release|Any CPU = Release|Any CPU
	EndGlobalSection
	GlobalSection(ProjectConfigurationPlatforms) = postSolution
		{4D30D245-0966-452F-89C0-8B794033170B}.Debug|Any CPU.ActiveCfg = Debug|Any CPU
		{4D30D245-0966-452F-89C0-8B794033170B}.Debug|Any CPU.Build.0 = Debug|Any CPU
		{4D30D245-0966-452F-89C0-8B794033170B}.Release|Any CPU.ActiveCfg = Release|Any CPU
		{4D30D245-0966-452F-89C0-8B794033170B}.Release|Any CPU.Build.0 = Release|Any CPU
		{8EFD5C76-D697-4BE0-9148-1F8F972EF8B4}.Debug|Any CPU.ActiveCfg = Debug|Any CPU
		{8EFD5C76-D697-4BE0-9148-1F8F972EF8B4}.Debug|Any CPU.Build.0 = Debug|Any CPU
		{8EFD5C76-D697-4BE0-9148-1F8F972EF8B4}.Release|Any CPU.ActiveCfg = Release|Any CPU
		{8EFD5C76-D697-4BE0-9148-1F8F972EF8B4}.Release|Any CPU.Build.0 = Release|Any CPU
		{F7962FD6-AA3C-4406-AA67-FE0828C77A33}.Debug|Any CPU.ActiveCfg = Debug|Any CPU
		{F7962FD6-AA3C-4406-AA67-FE0828C77A33}.Debug|Any CPU.Build.0 = Debug|Any CPU
		{F7962FD6-AA3C-4406-AA67-FE0828C77A33}.Release|Any CPU.ActiveCfg = Release|Any CPU
		{F7962FD6-AA3C-4406-AA67-FE0828C77A33}.Release|Any CPU.Build.0 = Release|Any CPU
	EndGlobalSection
	GlobalSection(SolutionProperties) = preSolution
		HideSolutionNode = FALSE
	EndGlobalSection
	GlobalSection(ExtensibilityGlobals) = postSolution
		SolutionGuid = {D65C8A9E-EABB-4DF5-9B2A-19CF56E3CCF2}
	EndGlobalSection
EndGlobal
